
Microsoft Visual Studio Solution File, Format Version 12.00
# Visual Studio Version 17
VisualStudioVersion = 17.5.002.0
MinimumVisualStudioVersion = 10.0.40219.1
Project("{9A19103F-16F7-4668-BE54-9A1E7A4F7556}") = "asp.net_DayShift", "asp.net_DayShift\asp.net_DayShift.csproj", "{49D09E5E-0664-4BE5-93CE-17208E89794D}"
EndProject
Global
	GlobalSection(SolutionConfigurationPlatforms) = preSolution
		Debug|Any CPU = Debug|Any CPU
		Release|Any CPU = Release|Any CPU
	EndGlobalSection
	GlobalSection(ProjectConfigurationPlatforms) = postSolution
		{49D09E5E-0664-4BE5-93CE-17208E89794D}.Debug|Any CPU.ActiveCfg = Debug|Any CPU
		{49D09E5E-0664-4BE5-93CE-17208E89794D}.Debug|Any CPU.Build.0 = Debug|Any CPU
		{49D09E5E-0664-4BE5-93CE-17208E89794D}.Release|Any CPU.ActiveCfg = Release|Any CPU
		{49D09E5E-0664-4BE5-93CE-17208E89794D}.Release|Any CPU.Build.0 = Release|Any CPU
	EndGlobalSection
	GlobalSection(SolutionProperties) = preSolution
		HideSolutionNode = FALSE
	EndGlobalSection
	GlobalSection(ExtensibilityGlobals) = postSolution
		SolutionGuid = {FD6E30DE-B1BD-4454-9612-3E44BD38E5BB}
	EndGlobalSection
EndGlobal
